
Microsoft Visual Studio Solution File, Format Version 12.00
# Visual Studio Version 18
VisualStudioVersion = 18.11.12224.323
MinimumVisualStudioVersion = 10.0.40219.1
Project("{2150E333-8FDC-42A3-9474-1A3956D46DE8}") = "src", "src", "{827E0CD3-B72D-47B6-A68D-7590B98EB39B}"
EndProject
Project("{2150E333-8FDC-42A3-9474-1A3956D46DE8}") = "Identity", "Identity", "{65ABFB5D-2B10-DF64-BF12-C17976F8E5D9}"
EndProject
Project("{2150E333-8FDC-42A3-9474-1A3956D46DE8}") = "Wallets", "Wallets", "{FBDBC674-B72C-E52D-55E8-B8AA40CF6FB0}"
EndProject
Project("{2150E333-8FDC-42A3-9474-1A3956D46DE8}") = "Payments", "Payments", "{FF0E3929-CBDF-D101-A636-4697F11DEC78}"
EndProject
Project("{FAE04EC0-301F-11D3-BF4B-00C04F79EFBC}") = "Otus.PaymentSystem.Payments", "src\Payments\Otus.PaymentSystem.Payments.csproj", "{D85A0595-73FE-437D-BF0B-4F2884139E53}"
EndProject
Project("{2150E333-8FDC-42A3-9474-1A3956D46DE8}") = "Fraud", "Fraud", "{488601E2-EDAD-E266-8896-18B48163C077}"
EndProject
Project("{FAE04EC0-301F-11D3-BF4B-00C04F79EFBC}") = "Otus.PaymentSystem.Fraud", "src\Fraud\Otus.PaymentSystem.Fraud.csproj", "{8CF34B81-CE85-4A6E-A2C7-8D75828FB769}"
EndProject
Project("{2150E333-8FDC-42A3-9474-1A3956D46DE8}") = "Notifications", "Notifications", "{A504C204-FD22-942F-D65C-55CCF1DF20A3}"
EndProject
Project("{FAE04EC0-301F-11D3-BF4B-00C04F79EFBC}") = "Otus.PaymentSystem.Notifications", "src\Notifications\Otus.PaymentSystem.Notifications.csproj", "{1EAA9444-EABC-427D-8234-BD03D2E1D2B7}"
EndProject
Project("{FAE04EC0-301F-11D3-BF4B-00C04F79EFBC}") = "Otus.PaymentSystem.Wallets.Domain", "src\Wallets\Otus.PaymentSystem.Wallets.Domain\Otus.PaymentSystem.Wallets.Domain.csproj", "{102CCCF9-CB0F-45E8-A60E-C0150151F266}"
EndProject
Project("{FAE04EC0-301F-11D3-BF4B-00C04F79EFBC}") = "Otus.PaymentSystem.Wallets.Application", "src\Wallets\Otus.PaymentSystem.Wallets.Application\Otus.PaymentSystem.Wallets.Application.csproj", "{86BA7D6B-253D-45EB-8C94-A78B37B7DF70}"
EndProject
Project("{FAE04EC0-301F-11D3-BF4B-00C04F79EFBC}") = "Otus.PaymentSystem.Identity.Infrastructure", "src\Wallets\Otus.PaymentSystem.Identity.Infrastructure\Otus.PaymentSystem.Identity.Infrastructure.csproj", "{6D52C235-3BB0-4AD1-82C1-9C9C04B1BA92}"
EndProject
Global
	GlobalSection(SolutionConfigurationPlatforms) = preSolution
		Debug|Any CPU = Debug|Any CPU
		Debug|x64 = Debug|x64
		Debug|x86 = Debug|x86
		Release|Any CPU = Release|Any CPU
		Release|x64 = Release|x64
		Release|x86 = Release|x86
	EndGlobalSection
	GlobalSection(ProjectConfigurationPlatforms) = postSolution
		{D85A0595-73FE-437D-BF0B-4F2884139E53}.Debug|Any CPU.ActiveCfg = Debug|Any CPU
		{D85A0595-73FE-437D-BF0B-4F2884139E53}.Debug|Any CPU.Build.0 = Debug|Any CPU
		{D85A0595-73FE-437D-BF0B-4F2884139E53}.Debug|x64.ActiveCfg = Debug|Any CPU
		{D85A0595-73FE-437D-BF0B-4F2884139E53}.Debug|x64.Build.0 = Debug|Any CPU
		{D85A0595-73FE-437D-BF0B-4F2884139E53}.Debug|x86.ActiveCfg = Debug|Any CPU
		{D85A0595-73FE-437D-BF0B-4F2884139E53}.Debug|x86.Build.0 = Debug|Any CPU
		{D85A0595-73FE-437D-BF0B-4F2884139E53}.Release|Any CPU.ActiveCfg = Release|Any CPU
		{D85A0595-73FE-437D-BF0B-4F2884139E53}.Release|Any CPU.Build.0 = Release|Any CPU
		{D85A0595-73FE-437D-BF0B-4F2884139E53}.Release|x64.ActiveCfg = Release|Any CPU
		{D85A0595-73FE-437D-BF0B-4F2884139E53}.Release|x64.Build.0 = Release|Any CPU
		{D85A0595-73FE-437D-BF0B-4F2884139E53}.Release|x86.ActiveCfg = Release|Any CPU
		{D85A0595-73FE-437D-BF0B-4F2884139E53}.Release|x86.Build.0 = Release|Any CPU
		{8CF34B81-CE85-4A6E-A2C7-8D75828FB769}.Debug|Any CPU.ActiveCfg = Debug|Any CPU
		{8CF34B81-CE85-4A6E-A2C7-8D75828FB769}.Debug|Any CPU.Build.0 = Debug|Any CPU
		{8CF34B81-CE85-4A6E-A2C7-8D75828FB769}.Debug|x64.ActiveCfg = Debug|Any CPU
		{8CF34B81-CE85-4A6E-A2C7-8D75828FB769}.Debug|x64.Build.0 = Debug|Any CPU
		{8CF34B81-CE85-4A6E-A2C7-8D75828FB769}.Debug|x86.ActiveCfg = Debug|Any CPU
		{8CF34B81-CE85-4A6E-A2C7-8D75828FB769}.Debug|x86.Build.0 = Debug|Any CPU
		{8CF34B81-CE85-4A6E-A2C7-8D75828FB769}.Release|Any CPU.ActiveCfg = Release|Any CPU
		{8CF34B81-CE85-4A6E-A2C7-8D75828FB769}.Release|Any CPU.Build.0 = Release|Any CPU
		{8CF34B81-CE85-4A6E-A2C7-8D75828FB769}.Release|x64.ActiveCfg = Release|Any CPU
		{8CF34B81-CE85-4A6E-A2C7-8D75828FB769}.Release|x64.Build.0 = Release|Any CPU
		{8CF34B81-CE85-4A6E-A2C7-8D75828FB769}.Release|x86.ActiveCfg = Release|Any CPU
		{8CF34B81-CE85-4A6E-A2C7-8D75828FB769}.Release|x86.Build.0 = Release|Any CPU
		{1EAA9444-EABC-427D-8234-BD03D2E1D2B7}.Debug|Any CPU.ActiveCfg = Debug|Any CPU
		{1EAA9444-EABC-427D-8234-BD03D2E1D2B7}.Debug|Any CPU.Build.0 = Debug|Any CPU
		{1EAA9444-EABC-427D-8234-BD03D2E1D2B7}.Debug|x64.ActiveCfg = Debug|Any CPU
		{1EAA9444-EABC-427D-8234-BD03D2E1D2B7}.Debug|x64.Build.0 = Debug|Any CPU
		{1EAA9444-EABC-427D-8234-BD03D2E1D2B7}.Debug|x86.ActiveCfg = Debug|Any CPU
		{1EAA9444-EABC-427D-8234-BD03D2E1D2B7}.Debug|x86.Build.0 = Debug|Any CPU
		{1EAA9444-EABC-427D-8234-BD03D2E1D2B7}.Release|Any CPU.ActiveCfg = Release|Any CPU
		{1EAA9444-EABC-427D-8234-BD03D2E1D2B7}.Release|Any CPU.Build.0 = Release|Any CPU
		{1EAA9444-EABC-427D-8234-BD03D2E1D2B7}.Release|x64.ActiveCfg = Release|Any CPU
		{1EAA9444-EABC-427D-8234-BD03D2E1D2B7}.Release|x64.Build.0 = Release|Any CPU
		{1EAA9444-EABC-427D-8234-BD03D2E1D2B7}.Release|x86.ActiveCfg = Release|Any CPU
		{1EAA9444-EABC-427D-8234-BD03D2E1D2B7}.Release|x86.Build.0 = Release|Any CPU
		{102CCCF9-CB0F-45E8-A60E-C0150151F266}.Debug|Any CPU.ActiveCfg = Debug|Any CPU
		{102CCCF9-CB0F-45E8-A60E-C0150151F266}.Debug|Any CPU.Build.0 = Debug|Any CPU
		{102CCCF9-CB0F-45E8-A60E-C0150151F266}.Debug|x64.ActiveCfg = Debug|Any CPU
		{102CCCF9-CB0F-45E8-A60E-C0150151F266}.Debug|x64.Build.0 = Debug|Any CPU
		{102CCCF9-CB0F-45E8-A60E-C0150151F266}.Debug|x86.ActiveCfg = Debug|Any CPU
		{102CCCF9-CB0F-45E8-A60E-C0150151F266}.Debug|x86.Build.0 = Debug|Any CPU
		{102CCCF9-CB0F-45E8-A60E-C0150151F266}.Release|Any CPU.ActiveCfg = Release|Any CPU
		{102CCCF9-CB0F-45E8-A60E-C0150151F266}.Release|Any CPU.Build.0 = Release|Any CPU
		{102CCCF9-CB0F-45E8-A60E-C0150151F266}.Release|x64.ActiveCfg = Release|Any CPU
		{102CCCF9-CB0F-45E8-A60E-C0150151F266}.Release|x64.Build.0 = Release|Any CPU
		{102CCCF9-CB0F-45E8-A60E-C0150151F266}.Release|x86.ActiveCfg = Release|Any CPU
		{102CCCF9-CB0F-45E8-A60E-C0150151F266}.Release|x86.Build.0 = Release|Any CPU
		{86BA7D6B-253D-45EB-8C94-A78B37B7DF70}.Debug|Any CPU.ActiveCfg = Debug|Any CPU
		{86BA7D6B-253D-45EB-8C94-A78B37B7DF70}.Debug|Any CPU.Build.0 = Debug|Any CPU
		{86BA7D6B-253D-45EB-8C94-A78B37B7DF70}.Debug|x64.ActiveCfg = Debug|Any CPU
		{86BA7D6B-253D-45EB-8C94-A78B37B7DF70}.Debug|x64.Build.0 = Debug|Any CPU
		{86BA7D6B-253D-45EB-8C94-A78B37B7DF70}.Debug|x86.ActiveCfg = Debug|Any CPU
		{86BA7D6B-253D-45EB-8C94-A78B37B7DF70}.Debug|x86.Build.0 = Debug|Any CPU
		{86BA7D6B-253D-45EB-8C94-A78B37B7DF70}.Release|Any CPU.ActiveCfg = Release|Any CPU
		{86BA7D6B-253D-45EB-8C94-A78B37B7DF70}.Release|Any CPU.Build.0 = Release|Any CPU
		{86BA7D6B-253D-45EB-8C94-A78B37B7DF70}.Release|x64.ActiveCfg = Release|Any CPU
		{86BA7D6B-253D-45EB-8C94-A78B37B7DF70}.Release|x64.Build.0 = Release|Any CPU
		{86BA7D6B-253D-45EB-8C94-A78B37B7DF70}.Release|x86.ActiveCfg = Release|Any CPU
		{86BA7D6B-253D-45EB-8C94-A78B37B7DF70}.Release|x86.Build.0 = Release|Any CPU
		{6D52C235-3BB0-4AD1-82C1-9C9C04B1BA92}.Debug|Any CPU.ActiveCfg = Debug|Any CPU
		{6D52C235-3BB0-4AD1-82C1-9C9C04B1BA92}.Debug|Any CPU.Build.0 = Debug|Any CPU
		{6D52C235-3BB0-4AD1-82C1-9C9C04B1BA92}.Debug|x64.ActiveCfg = Debug|Any CPU
		{6D52C235-3BB0-4AD1-82C1-9C9C04B1BA92}.Debug|x64.Build.0 = Debug|Any CPU
		{6D52C235-3BB0-4AD1-82C1-9C9C04B1BA92}.Debug|x86.ActiveCfg = Debug|Any CPU
		{6D52C235-3BB0-4AD1-82C1-9C9C04B1BA92}.Debug|x86.Build.0 = Debug|Any CPU
		{6D52C235-3BB0-4AD1-82C1-9C9C04B1BA92}.Release|Any CPU.ActiveCfg = Release|Any CPU
		{6D52C235-3BB0-4AD1-82C1-9C9C04B1BA92}.Release|Any CPU.Build.0 = Release|Any CPU
		{6D52C235-3BB0-4AD1-82C1-9C9C04B1BA92}.Release|x64.ActiveCfg = Release|Any CPU
		{6D52C235-3BB0-4AD1-82C1-9C9C04B1BA92}.Release|x64.Build.0 = Release|Any CPU
		{6D52C235-3BB0-4AD1-82C1-9C9C04B1BA92}.Release|x86.ActiveCfg = Release|Any CPU
		{6D52C235-3BB0-4AD1-82C1-9C9C04B1BA92}.Release|x86.Build.0 = Release|Any CPU
	EndGlobalSection
	GlobalSection(SolutionProperties) = preSolution
		HideSolutionNode = FALSE
	EndGlobalSection
	GlobalSection(NestedProjects) = preSolution
		{65ABFB5D-2B10-DF64-BF12-C17976F8E5D9} = {827E0CD3-B72D-47B6-A68D-7590B98EB39B}
		{FBDBC674-B72C-E52D-55E8-B8AA40CF6FB0} = {827E0CD3-B72D-47B6-A68D-7590B98EB39B}
		{FF0E3929-CBDF-D101-A636-4697F11DEC78} = {827E0CD3-B72D-47B6-A68D-7590B98EB39B}
		{D85A0595-73FE-437D-BF0B-4F2884139E53} = {FF0E3929-CBDF-D101-A636-4697F11DEC78}
		{488601E2-EDAD-E266-8896-18B48163C077} = {827E0CD3-B72D-47B6-A68D-7590B98EB39B}
		{8CF34B81-CE85-4A6E-A2C7-8D75828FB769} = {488601E2-EDAD-E266-8896-18B48163C077}
		{A504C204-FD22-942F-D65C-55CCF1DF20A3} = {827E0CD3-B72D-47B6-A68D-7590B98EB39B}
		{1EAA9444-EABC-427D-8234-BD03D2E1D2B7} = {A504C204-FD22-942F-D65C-55CCF1DF20A3}
		{102CCCF9-CB0F-45E8-A60E-C0150151F266} = {FBDBC674-B72C-E52D-55E8-B8AA40CF6FB0}
		{86BA7D6B-253D-45EB-8C94-A78B37B7DF70} = {FBDBC674-B72C-E52D-55E8-B8AA40CF6FB0}
		{6D52C235-3BB0-4AD1-82C1-9C9C04B1BA92} = {FBDBC674-B72C-E52D-55E8-B8AA40CF6FB0}
	EndGlobalSection
	GlobalSection(ExtensibilityGlobals) = postSolution
		SolutionGuid = {575DDAC7-3D2D-4628-AC68-EE300802C562}
	EndGlobalSection
EndGlobal
