
Microsoft Visual Studio Solution File, Format Version 12.00
# Visual Studio Version 17
VisualStudioVersion = 17.0.31903.59
MinimumVisualStudioVersion = 10.0.40219.1
Project("{2150E333-8FDC-42A3-9474-1A3956D46DE8}") = "src", "src", "{827E0CD3-B72D-47B6-A68D-7590B98EB39B}"
EndProject
Project("{2150E333-8FDC-42A3-9474-1A3956D46DE8}") = "Identity", "Identity", "{65ABFB5D-2B10-DF64-BF12-C17976F8E5D9}"
EndProject
Project("{FAE04EC0-301F-11D3-BF4B-00C04F79EFBC}") = "Otus.PaymentSystem.Identity", "src\Identity\Otus.PaymentSystem.Identity.csproj", "{02F53B05-FF61-4E78-A03D-7931C4F6344E}"
EndProject
Project("{2150E333-8FDC-42A3-9474-1A3956D46DE8}") = "Wallets", "Wallets", "{FBDBC674-B72C-E52D-55E8-B8AA40CF6FB0}"
EndProject
Project("{FAE04EC0-301F-11D3-BF4B-00C04F79EFBC}") = "Otus.PaymentSystem.Wallets", "src\Wallets\Otus.PaymentSystem.Wallets.csproj", "{8873E16F-397A-48EB-9AC9-EF61EA7753D5}"
EndProject
Project("{2150E333-8FDC-42A3-9474-1A3956D46DE8}") = "Payments", "Payments", "{FF0E3929-CBDF-D101-A636-4697F11DEC78}"
EndProject
Project("{FAE04EC0-301F-11D3-BF4B-00C04F79EFBC}") = "Otus.PaymentSystem.Payments", "src\Payments\Otus.PaymentSystem.Payments.csproj", "{D85A0595-73FE-437D-BF0B-4F2884139E53}"
EndProject
Project("{2150E333-8FDC-42A3-9474-1A3956D46DE8}") = "Fraud", "Fraud", "{488601E2-EDAD-E266-8896-18B48163C077}"
EndProject
Project("{FAE04EC0-301F-11D3-BF4B-00C04F79EFBC}") = "Otus.PaymentSystem.Fraud", "src\Fraud\Otus.PaymentSystem.Fraud.csproj", "{8CF34B81-CE85-4A6E-A2C7-8D75828FB769}"
EndProject
Project("{2150E333-8FDC-42A3-9474-1A3956D46DE8}") = "Notifications", "Notifications", "{A504C204-FD22-942F-D65C-55CCF1DF20A3}"
EndProject
Project("{FAE04EC0-301F-11D3-BF4B-00C04F79EFBC}") = "Otus.PaymentSystem.Notifications", "src\Notifications\Otus.PaymentSystem.Notifications.csproj", "{1EAA9444-EABC-427D-8234-BD03D2E1D2B7}"
EndProject
Global
	GlobalSection(SolutionConfigurationPlatforms) = preSolution
		Debug|Any CPU = Debug|Any CPU
		Debug|x64 = Debug|x64
		Debug|x86 = Debug|x86
		Release|Any CPU = Release|Any CPU
		Release|x64 = Release|x64
		Release|x86 = Release|x86
	EndGlobalSection
	GlobalSection(ProjectConfigurationPlatforms) = postSolution
		{02F53B05-FF61-4E78-A03D-7931C4F6344E}.Debug|Any CPU.ActiveCfg = Debug|Any CPU
		{02F53B05-FF61-4E78-A03D-7931C4F6344E}.Debug|Any CPU.Build.0 = Debug|Any CPU
		{02F53B05-FF61-4E78-A03D-7931C4F6344E}.Debug|x64.ActiveCfg = Debug|Any CPU
		{02F53B05-FF61-4E78-A03D-7931C4F6344E}.Debug|x64.Build.0 = Debug|Any CPU
		{02F53B05-FF61-4E78-A03D-7931C4F6344E}.Debug|x86.ActiveCfg = Debug|Any CPU
		{02F53B05-FF61-4E78-A03D-7931C4F6344E}.Debug|x86.Build.0 = Debug|Any CPU
		{02F53B05-FF61-4E78-A03D-7931C4F6344E}.Release|Any CPU.ActiveCfg = Release|Any CPU
		{02F53B05-FF61-4E78-A03D-7931C4F6344E}.Release|Any CPU.Build.0 = Release|Any CPU
		{02F53B05-FF61-4E78-A03D-7931C4F6344E}.Release|x64.ActiveCfg = Release|Any CPU
		{02F53B05-FF61-4E78-A03D-7931C4F6344E}.Release|x64.Build.0 = Release|Any CPU
		{02F53B05-FF61-4E78-A03D-7931C4F6344E}.Release|x86.ActiveCfg = Release|Any CPU
		{02F53B05-FF61-4E78-A03D-7931C4F6344E}.Release|x86.Build.0 = Release|Any CPU
		{8873E16F-397A-48EB-9AC9-EF61EA7753D5}.Debug|Any CPU.ActiveCfg = Debug|Any CPU
		{8873E16F-397A-48EB-9AC9-EF61EA7753D5}.Debug|Any CPU.Build.0 = Debug|Any CPU
		{8873E16F-397A-48EB-9AC9-EF61EA7753D5}.Debug|x64.ActiveCfg = Debug|Any CPU
		{8873E16F-397A-48EB-9AC9-EF61EA7753D5}.Debug|x64.Build.0 = Debug|Any CPU
		{8873E16F-397A-48EB-9AC9-EF61EA7753D5}.Debug|x86.ActiveCfg = Debug|Any CPU
		{8873E16F-397A-48EB-9AC9-EF61EA7753D5}.Debug|x86.Build.0 = Debug|Any CPU
		{8873E16F-397A-48EB-9AC9-EF61EA7753D5}.Release|Any CPU.ActiveCfg = Release|Any CPU
		{8873E16F-397A-48EB-9AC9-EF61EA7753D5}.Release|Any CPU.Build.0 = Release|Any CPU
		{8873E16F-397A-48EB-9AC9-EF61EA7753D5}.Release|x64.ActiveCfg = Release|Any CPU
		{8873E16F-397A-48EB-9AC9-EF61EA7753D5}.Release|x64.Build.0 = Release|Any CPU
		{8873E16F-397A-48EB-9AC9-EF61EA7753D5}.Release|x86.ActiveCfg = Release|Any CPU
		{8873E16F-397A-48EB-9AC9-EF61EA7753D5}.Release|x86.Build.0 = Release|Any CPU
		{D85A0595-73FE-437D-BF0B-4F2884139E53}.Debug|Any CPU.ActiveCfg = Debug|Any CPU
		{D85A0595-73FE-437D-BF0B-4F2884139E53}.Debug|Any CPU.Build.0 = Debug|Any CPU
		{D85A0595-73FE-437D-BF0B-4F2884139E53}.Debug|x64.ActiveCfg = Debug|Any CPU
		{D85A0595-73FE-437D-BF0B-4F2884139E53}.Debug|x64.Build.0 = Debug|Any CPU
		{D85A0595-73FE-437D-BF0B-4F2884139E53}.Debug|x86.ActiveCfg = Debug|Any CPU
		{D85A0595-73FE-437D-BF0B-4F2884139E53}.Debug|x86.Build.0 = Debug|Any CPU
		{D85A0595-73FE-437D-BF0B-4F2884139E53}.Release|Any CPU.ActiveCfg = Release|Any CPU
		{D85A0595-73FE-437D-BF0B-4F2884139E53}.Release|Any CPU.Build.0 = Release|Any CPU
		{D85A0595-73FE-437D-BF0B-4F2884139E53}.Release|x64.ActiveCfg = Release|Any CPU
		{D85A0595-73FE-437D-BF0B-4F2884139E53}.Release|x64.Build.0 = Release|Any CPU
		{D85A0595-73FE-437D-BF0B-4F2884139E53}.Release|x86.ActiveCfg = Release|Any CPU
		{D85A0595-73FE-437D-BF0B-4F2884139E53}.Release|x86.Build.0 = Release|Any CPU
		{8CF34B81-CE85-4A6E-A2C7-8D75828FB769}.Debug|Any CPU.ActiveCfg = Debug|Any CPU
		{8CF34B81-CE85-4A6E-A2C7-8D75828FB769}.Debug|Any CPU.Build.0 = Debug|Any CPU
		{8CF34B81-CE85-4A6E-A2C7-8D75828FB769}.Debug|x64.ActiveCfg = Debug|Any CPU
		{8CF34B81-CE85-4A6E-A2C7-8D75828FB769}.Debug|x64.Build.0 = Debug|Any CPU
		{8CF34B81-CE85-4A6E-A2C7-8D75828FB769}.Debug|x86.ActiveCfg = Debug|Any CPU
		{8CF34B81-CE85-4A6E-A2C7-8D75828FB769}.Debug|x86.Build.0 = Debug|Any CPU
		{8CF34B81-CE85-4A6E-A2C7-8D75828FB769}.Release|Any CPU.ActiveCfg = Release|Any CPU
		{8CF34B81-CE85-4A6E-A2C7-8D75828FB769}.Release|Any CPU.Build.0 = Release|Any CPU
		{8CF34B81-CE85-4A6E-A2C7-8D75828FB769}.Release|x64.ActiveCfg = Release|Any CPU
		{8CF34B81-CE85-4A6E-A2C7-8D75828FB769}.Release|x64.Build.0 = Release|Any CPU
		{8CF34B81-CE85-4A6E-A2C7-8D75828FB769}.Release|x86.ActiveCfg = Release|Any CPU
		{8CF34B81-CE85-4A6E-A2C7-8D75828FB769}.Release|x86.Build.0 = Release|Any CPU
		{1EAA9444-EABC-427D-8234-BD03D2E1D2B7}.Debug|Any CPU.ActiveCfg = Debug|Any CPU
		{1EAA9444-EABC-427D-8234-BD03D2E1D2B7}.Debug|Any CPU.Build.0 = Debug|Any CPU
		{1EAA9444-EABC-427D-8234-BD03D2E1D2B7}.Debug|x64.ActiveCfg = Debug|Any CPU
		{1EAA9444-EABC-427D-8234-BD03D2E1D2B7}.Debug|x64.Build.0 = Debug|Any CPU
		{1EAA9444-EABC-427D-8234-BD03D2E1D2B7}.Debug|x86.ActiveCfg = Debug|Any CPU
		{1EAA9444-EABC-427D-8234-BD03D2E1D2B7}.Debug|x86.Build.0 = Debug|Any CPU
		{1EAA9444-EABC-427D-8234-BD03D2E1D2B7}.Release|Any CPU.ActiveCfg = Release|Any CPU
		{1EAA9444-EABC-427D-8234-BD03D2E1D2B7}.Release|Any CPU.Build.0 = Release|Any CPU
		{1EAA9444-EABC-427D-8234-BD03D2E1D2B7}.Release|x64.ActiveCfg = Release|Any CPU
		{1EAA9444-EABC-427D-8234-BD03D2E1D2B7}.Release|x64.Build.0 = Release|Any CPU
		{1EAA9444-EABC-427D-8234-BD03D2E1D2B7}.Release|x86.ActiveCfg = Release|Any CPU
		{1EAA9444-EABC-427D-8234-BD03D2E1D2B7}.Release|x86.Build.0 = Release|Any CPU
	EndGlobalSection
	GlobalSection(SolutionProperties) = preSolution
		HideSolutionNode = FALSE
	EndGlobalSection
	GlobalSection(NestedProjects) = preSolution
		{65ABFB5D-2B10-DF64-BF12-C17976F8E5D9} = {827E0CD3-B72D-47B6-A68D-7590B98EB39B}
		{02F53B05-FF61-4E78-A03D-7931C4F6344E} = {65ABFB5D-2B10-DF64-BF12-C17976F8E5D9}
		{FBDBC674-B72C-E52D-55E8-B8AA40CF6FB0} = {827E0CD3-B72D-47B6-A68D-7590B98EB39B}
		{8873E16F-397A-48EB-9AC9-EF61EA7753D5} = {FBDBC674-B72C-E52D-55E8-B8AA40CF6FB0}
		{FF0E3929-CBDF-D101-A636-4697F11DEC78} = {827E0CD3-B72D-47B6-A68D-7590B98EB39B}
		{D85A0595-73FE-437D-BF0B-4F2884139E53} = {FF0E3929-CBDF-D101-A636-4697F11DEC78}
		{488601E2-EDAD-E266-8896-18B48163C077} = {827E0CD3-B72D-47B6-A68D-7590B98EB39B}
		{8CF34B81-CE85-4A6E-A2C7-8D75828FB769} = {488601E2-EDAD-E266-8896-18B48163C077}
		{A504C204-FD22-942F-D65C-55CCF1DF20A3} = {827E0CD3-B72D-47B6-A68D-7590B98EB39B}
		{1EAA9444-EABC-427D-8234-BD03D2E1D2B7} = {A504C204-FD22-942F-D65C-55CCF1DF20A3}
	EndGlobalSection
EndGlobal
